
Microsoft Visual Studio Solution File, Format Version 12.00
# Visual Studio Version 17
VisualStudioVersion = 17.12.35707.178 d17.12
MinimumVisualStudioVersion = 10.0.40219.1
Project("{FAE04EC0-301F-11D3-BF4B-00C04F79EFBC}") = "ReactApp1.Server", "ReactApp1.Server\ReactApp1.Server.csproj", "{B70C45A3-113B-43E8-A238-66CD0B472377}"
EndProject
Project("{54A90642-561A-4BB1-A94E-469ADEE60C69}") = "reactapp1.client", "reactapp1.client\reactapp1.client.esproj", "{FD214BFD-6020-4A59-BB55-F3A9CAF22928}"
EndProject
Global
	GlobalSection(SolutionConfigurationPlatforms) = preSolution
		Debug|Any CPU = Debug|Any CPU
		Release|Any CPU = Release|Any CPU
	EndGlobalSection
	GlobalSection(ProjectConfigurationPlatforms) = postSolution
		{B70C45A3-113B-43E8-A238-66CD0B472377}.Debug|Any CPU.ActiveCfg = Debug|Any CPU
		{B70C45A3-113B-43E8-A238-66CD0B472377}.Debug|Any CPU.Build.0 = Debug|Any CPU
		{B70C45A3-113B-43E8-A238-66CD0B472377}.Release|Any CPU.ActiveCfg = Release|Any CPU
		{B70C45A3-113B-43E8-A238-66CD0B472377}.Release|Any CPU.Build.0 = Release|Any CPU
		{FD214BFD-6020-4A59-BB55-F3A9CAF22928}.Debug|Any CPU.ActiveCfg = Debug|Any CPU
		{FD214BFD-6020-4A59-BB55-F3A9CAF22928}.Debug|Any CPU.Build.0 = Debug|Any CPU
		{FD214BFD-6020-4A59-BB55-F3A9CAF22928}.Debug|Any CPU.Deploy.0 = Debug|Any CPU
		{FD214BFD-6020-4A59-BB55-F3A9CAF22928}.Release|Any CPU.ActiveCfg = Release|Any CPU
		{FD214BFD-6020-4A59-BB55-F3A9CAF22928}.Release|Any CPU.Build.0 = Release|Any CPU
		{FD214BFD-6020-4A59-BB55-F3A9CAF22928}.Release|Any CPU.Deploy.0 = Release|Any CPU
	EndGlobalSection
	GlobalSection(SolutionProperties) = preSolution
		HideSolutionNode = FALSE
	EndGlobalSection
EndGlobal
